
Microsoft Visual Studio Solution File, Format Version 12.00
# Visual Studio 15
Project("{FAE04EC0-301F-11D3-BF4B-00C04F79EFBC}") = "XamarinPlayground.Android", "XamarinPlayground.Android\XamarinPlayground.Android.csproj", "{7F0E9A77-EFCE-4A2C-8743-C40B0EF79673}"
EndProject
Project("{FAE04EC0-301F-11D3-BF4B-00C04F79EFBC}") = "XamarinPlayground.iOS", "XamarinPlayground.iOS\XamarinPlayground.iOS.csproj", "{E1317D49-3C8B-4A9E-9546-764880454C87}"
EndProject
Project("{FAE04EC0-301F-11D3-BF4B-00C04F79EFBC}") = "XamarinPlayground", "XamarinPlayground\XamarinPlayground.csproj", "{AB5698E2-DC09-4A7C-B184-A47A68C5D97A}"
EndProject
Project("{FAE04EC0-301F-11D3-BF4B-00C04F79EFBC}") = "XamarinPlayground.Test", "XamarinPlayground.Test\XamarinPlayground.Test.csproj", "{E6C89DF6-12DF-436D-B798-4C801219998F}"
EndProject
Global
	GlobalSection(SolutionConfigurationPlatforms) = preSolution
		Debug|Any CPU = Debug|Any CPU
		Release|Any CPU = Release|Any CPU
		Debug|iPhoneSimulator = Debug|iPhoneSimulator
		Release|iPhoneSimulator = Release|iPhoneSimulator
		Debug|iPhone = Debug|iPhone
		Release|iPhone = Release|iPhone
	EndGlobalSection
	GlobalSection(ProjectConfigurationPlatforms) = postSolution
		{7F0E9A77-EFCE-4A2C-8743-C40B0EF79673}.Debug|Any CPU.ActiveCfg = Debug|Any CPU
		{7F0E9A77-EFCE-4A2C-8743-C40B0EF79673}.Debug|Any CPU.Build.0 = Debug|Any CPU
		{7F0E9A77-EFCE-4A2C-8743-C40B0EF79673}.Release|Any CPU.ActiveCfg = Release|Any CPU
		{7F0E9A77-EFCE-4A2C-8743-C40B0EF79673}.Release|Any CPU.Build.0 = Release|Any CPU
		{7F0E9A77-EFCE-4A2C-8743-C40B0EF79673}.Debug|iPhoneSimulator.ActiveCfg = Debug|Any CPU
		{7F0E9A77-EFCE-4A2C-8743-C40B0EF79673}.Debug|iPhoneSimulator.Build.0 = Debug|Any CPU
		{7F0E9A77-EFCE-4A2C-8743-C40B0EF79673}.Release|iPhoneSimulator.ActiveCfg = Release|Any CPU
		{7F0E9A77-EFCE-4A2C-8743-C40B0EF79673}.Release|iPhoneSimulator.Build.0 = Release|Any CPU
		{7F0E9A77-EFCE-4A2C-8743-C40B0EF79673}.Debug|iPhone.ActiveCfg = Debug|Any CPU
		{7F0E9A77-EFCE-4A2C-8743-C40B0EF79673}.Debug|iPhone.Build.0 = Debug|Any CPU
		{7F0E9A77-EFCE-4A2C-8743-C40B0EF79673}.Release|iPhone.ActiveCfg = Release|Any CPU
		{7F0E9A77-EFCE-4A2C-8743-C40B0EF79673}.Release|iPhone.Build.0 = Release|Any CPU
		{E1317D49-3C8B-4A9E-9546-764880454C87}.Debug|Any CPU.ActiveCfg = Debug|iPhoneSimulator
		{E1317D49-3C8B-4A9E-9546-764880454C87}.Debug|Any CPU.Build.0 = Debug|iPhoneSimulator
		{E1317D49-3C8B-4A9E-9546-764880454C87}.Release|Any CPU.ActiveCfg = Release|iPhoneSimulator
		{E1317D49-3C8B-4A9E-9546-764880454C87}.Release|Any CPU.Build.0 = Release|iPhoneSimulator
		{E1317D49-3C8B-4A9E-9546-764880454C87}.Debug|iPhoneSimulator.ActiveCfg = Debug|iPhoneSimulator
		{E1317D49-3C8B-4A9E-9546-764880454C87}.Debug|iPhoneSimulator.Build.0 = Debug|iPhoneSimulator
		{E1317D49-3C8B-4A9E-9546-764880454C87}.Release|iPhoneSimulator.ActiveCfg = Release|iPhoneSimulator
		{E1317D49-3C8B-4A9E-9546-764880454C87}.Release|iPhoneSimulator.Build.0 = Release|iPhoneSimulator
		{E1317D49-3C8B-4A9E-9546-764880454C87}.Debug|iPhone.ActiveCfg = Debug|iPhone
		{E1317D49-3C8B-4A9E-9546-764880454C87}.Debug|iPhone.Build.0 = Debug|iPhone
		{E1317D49-3C8B-4A9E-9546-764880454C87}.Release|iPhone.ActiveCfg = Release|iPhone
		{E1317D49-3C8B-4A9E-9546-764880454C87}.Release|iPhone.Build.0 = Release|iPhone
		{AB5698E2-DC09-4A7C-B184-A47A68C5D97A}.Debug|Any CPU.ActiveCfg = Debug|Any CPU
		{AB5698E2-DC09-4A7C-B184-A47A68C5D97A}.Debug|Any CPU.Build.0 = Debug|Any CPU
		{AB5698E2-DC09-4A7C-B184-A47A68C5D97A}.Release|Any CPU.ActiveCfg = Release|Any CPU
		{AB5698E2-DC09-4A7C-B184-A47A68C5D97A}.Release|Any CPU.Build.0 = Release|Any CPU
		{AB5698E2-DC09-4A7C-B184-A47A68C5D97A}.Debug|iPhoneSimulator.ActiveCfg = Debug|Any CPU
		{AB5698E2-DC09-4A7C-B184-A47A68C5D97A}.Debug|iPhoneSimulator.Build.0 = Debug|Any CPU
		{AB5698E2-DC09-4A7C-B184-A47A68C5D97A}.Release|iPhoneSimulator.ActiveCfg = Release|Any CPU
		{AB5698E2-DC09-4A7C-B184-A47A68C5D97A}.Release|iPhoneSimulator.Build.0 = Release|Any CPU
		{AB5698E2-DC09-4A7C-B184-A47A68C5D97A}.Debug|iPhone.ActiveCfg = Debug|Any CPU
		{AB5698E2-DC09-4A7C-B184-A47A68C5D97A}.Debug|iPhone.Build.0 = Debug|Any CPU
		{AB5698E2-DC09-4A7C-B184-A47A68C5D97A}.Release|iPhone.ActiveCfg = Release|Any CPU
		{AB5698E2-DC09-4A7C-B184-A47A68C5D97A}.Release|iPhone.Build.0 = Release|Any CPU
		{E6C89DF6-12DF-436D-B798-4C801219998F}.Debug|Any CPU.ActiveCfg = Debug|Any CPU
		{E6C89DF6-12DF-436D-B798-4C801219998F}.Debug|Any CPU.Build.0 = Debug|Any CPU
		{E6C89DF6-12DF-436D-B798-4C801219998F}.Release|Any CPU.ActiveCfg = Release|Any CPU
		{E6C89DF6-12DF-436D-B798-4C801219998F}.Release|Any CPU.Build.0 = Release|Any CPU
		{E6C89DF6-12DF-436D-B798-4C801219998F}.Debug|iPhoneSimulator.ActiveCfg = Debug|Any CPU
		{E6C89DF6-12DF-436D-B798-4C801219998F}.Debug|iPhoneSimulator.Build.0 = Debug|Any CPU
		{E6C89DF6-12DF-436D-B798-4C801219998F}.Release|iPhoneSimulator.ActiveCfg = Release|Any CPU
		{E6C89DF6-12DF-436D-B798-4C801219998F}.Release|iPhoneSimulator.Build.0 = Release|Any CPU
		{E6C89DF6-12DF-436D-B798-4C801219998F}.Debug|iPhone.ActiveCfg = Debug|Any CPU
		{E6C89DF6-12DF-436D-B798-4C801219998F}.Debug|iPhone.Build.0 = Debug|Any CPU
		{E6C89DF6-12DF-436D-B798-4C801219998F}.Release|iPhone.ActiveCfg = Release|Any CPU
		{E6C89DF6-12DF-436D-B798-4C801219998F}.Release|iPhone.Build.0 = Release|Any CPU
	EndGlobalSection
EndGlobal
